
Microsoft Visual Studio Solution File, Format Version 12.00
# Visual Studio 15
Project("{FAE04EC0-301F-11D3-BF4B-00C04F79EFBC}") = "Legend Plus.Plugins", "Legend Plus.Plugins.csproj", "{82997ED8-791C-58ED-CC93-25DE103426FF}"
EndProject
Project("{FAE04EC0-301F-11D3-BF4B-00C04F79EFBC}") = "Legend Plus", "Legend Plus.csproj", "{C1ED125A-FFE2-9383-3528-78F41BE93D8A}"
EndProject
Global
	GlobalSection(SolutionConfigurationPlatforms) = preSolution
		Debug|Any CPU = Debug|Any CPU
		Release|Any CPU = Release|Any CPU
	EndGlobalSection
	GlobalSection(ProjectConfigurationPlatforms) = postSolution
		{82997ED8-791C-58ED-CC93-25DE103426FF}.Debug|Any CPU.ActiveCfg = Debug|Any CPU
		{82997ED8-791C-58ED-CC93-25DE103426FF}.Debug|Any CPU.Build.0 = Debug|Any CPU
		{82997ED8-791C-58ED-CC93-25DE103426FF}.Release|Any CPU.ActiveCfg = Release|Any CPU
		{82997ED8-791C-58ED-CC93-25DE103426FF}.Release|Any CPU.Build.0 = Release|Any CPU
		{C1ED125A-FFE2-9383-3528-78F41BE93D8A}.Debug|Any CPU.ActiveCfg = Debug|Any CPU
		{C1ED125A-FFE2-9383-3528-78F41BE93D8A}.Debug|Any CPU.Build.0 = Debug|Any CPU
		{C1ED125A-FFE2-9383-3528-78F41BE93D8A}.Release|Any CPU.ActiveCfg = Release|Any CPU
		{C1ED125A-FFE2-9383-3528-78F41BE93D8A}.Release|Any CPU.Build.0 = Release|Any CPU
	EndGlobalSection
	GlobalSection(SolutionProperties) = preSolution
		HideSolutionNode = FALSE
	EndGlobalSection
EndGlobal
